{
  "nodes": {
    "nixpkgs": {
      "locked": {
        "lastModified": 1719506693,
        "narHash": "sha256-C8e9S7RzshSdHB7L+v9I51af1gDM5unhJ2xO1ywxNH8=",
        "owner": "NixOS",
        "repo": "nixpkgs",
        "rev": "b2852eb9365c6de48ffb0dc2c9562591f652242a",
        "type": "github"
      },
      "original": {
        "owner": "NixOS",
        "ref": "nixpkgs-unstable",
        "repo": "nixpkgs",
        "type": "github"
      }
    },
    "root": {
      "inputs": {
        "nixpkgs": "nixpkgs",
        "tgt": "tgt"
      }
    },
    "tgt": {
      "inputs": {
        "nixpkgs": [
          "nixpkgs"
        ]
      },
      "locked": {
        "lastModified": 1734941192,
        "narHash": "sha256-35mhl9NsE2BeiK7dnxMAqb9K8lpN+l0fKe/gsifdFOU=",
        "owner": "FedericoBruzzone",
        "repo": "tgt",
        "rev": "3eca3de17e241182ea688bdf024f3541ef21a7f9",
        "type": "github"
      },
      "original": {
        "owner": "FedericoBruzzone",
        "repo": "tgt",
        "type": "github"
      }
    }
  },
  "root": "root",
  "version": 7
}
